
Microsoft Visual Studio Solution File, Format Version 12.00
# Visual Studio Version 16
VisualStudioVersion = 16.0.29728.190
MinimumVisualStudioVersion = 10.0.40219.1
Project("{FAE04EC0-301F-11D3-BF4B-00C04F79EFBC}") = "My Scripture Journal", "My Scripture Journal.csproj", "{1E0A549B-936E-4408-8171-499AA508BAEA}"
EndProject
Global
	GlobalSection(SolutionConfigurationPlatforms) = preSolution
		Debug|Any CPU = Debug|Any CPU
		Release|Any CPU = Release|Any CPU
	EndGlobalSection
	GlobalSection(ProjectConfigurationPlatforms) = postSolution
		{1E0A549B-936E-4408-8171-499AA508BAEA}.Debug|Any CPU.ActiveCfg = Debug|Any CPU
		{1E0A549B-936E-4408-8171-499AA508BAEA}.Debug|Any CPU.Build.0 = Debug|Any CPU
		{1E0A549B-936E-4408-8171-499AA508BAEA}.Release|Any CPU.ActiveCfg = Release|Any CPU
		{1E0A549B-936E-4408-8171-499AA508BAEA}.Release|Any CPU.Build.0 = Release|Any CPU
	EndGlobalSection
	GlobalSection(SolutionProperties) = preSolution
		HideSolutionNode = FALSE
	EndGlobalSection
	GlobalSection(ExtensibilityGlobals) = postSolution
		SolutionGuid = {CECC972A-A450-4672-873F-CF0B316A10AB}
	EndGlobalSection
EndGlobal
